// !$*UTF8*$!
{
	archiveVersion = 1;
	classes = {
	};
	objectVersion = 50;
	objects = {

/* Begin PBXBuildFile section */
		52996CF4245F113C00C599DD /* AppDelegate.swift in Sources */ = {isa = PBXBuildFile; fileRef = 52996CF3245F113C00C599DD /* AppDelegate.swift */; };
		52996CF6245F113C00C599DD /* SceneDelegate.swift in Sources */ = {isa = PBXBuildFile; fileRef = 52996CF5245F113C00C599DD /* SceneDelegate.swift */; };
		52996CF8245F113C00C599DD /* TodoVC.swift in Sources */ = {isa = PBXBuildFile; fileRef = 52996CF7245F113C00C599DD /* TodoVC.swift */; };
		52996CFB245F113C00C599DD /* Main.storyboard in Resources */ = {isa = PBXBuildFile; fileRef = 52996CF9245F113C00C599DD /* Main.storyboard */; };
		52996CFD245F114000C599DD /* Assets.xcassets in Resources */ = {isa = PBXBuildFile; fileRef = 52996CFC245F114000C599DD /* Assets.xcassets */; };
		52996D00245F114000C599DD /* LaunchScreen.storyboard in Resources */ = {isa = PBXBuildFile; fileRef = 52996CFE245F114000C599DD /* LaunchScreen.storyboard */; };
		52996D0B245F169A00C599DD /* TodoCell.swift in Sources */ = {isa = PBXBuildFile; fileRef = 52996D0A245F169900C599DD /* TodoCell.swift */; };
		52996D0D245F1AC600C599DD /* Todo.swift in Sources */ = {isa = PBXBuildFile; fileRef = 52996D0C245F1AC600C599DD /* Todo.swift */; };
		52996D0F245F1B7200C599DD /* ApiError.swift in Sources */ = {isa = PBXBuildFile; fileRef = 52996D0E245F1B7200C599DD /* ApiError.swift */; };
		52996D12245F1EDE00C599DD /* NetworkServices.swift in Sources */ = {isa = PBXBuildFile; fileRef = 52996D11245F1EDE00C599DD /* NetworkServices.swift */; };
/* End PBXBuildFile section */

/* Begin PBXFileReference section */
		52996CF0245F113C00C599DD /* Todo-List.app */ = {isa = PBXFileReference; explicitFileType = wrapper.application; includeInIndex = 0; path = "Todo-List.app"; sourceTree = BUILT_PRODUCTS_DIR; };
		52996CF3245F113C00C599DD /* AppDelegate.swift */ = {isa = PBXFileReference; lastKnownFileType = sourcecode.swift; path = AppDelegate.swift; sourceTree = "<group>"; };
		52996CF5245F113C00C599DD /* SceneDelegate.swift */ = {isa = PBXFileReference; lastKnownFileType = sourcecode.swift; path = SceneDelegate.swift; sourceTree = "<group>"; };
		52996CF7245F113C00C599DD /* TodoVC.swift */ = {isa = PBXFileReference; lastKnownFileType = sourcecode.swift; path = TodoVC.swift; sourceTree = "<group>"; };
		52996CFA245F113C00C599DD /* Base */ = {isa = PBXFileReference; lastKnownFileType = file.storyboard; name = Base; path = Base.lproj/Main.storyboard; sourceTree = "<group>"; };
		52996CFC245F114000C599DD /* Assets.xcassets */ = {isa = PBXFileReference; lastKnownFileType = folder.assetcatalog; path = Assets.xcassets; sourceTree = "<group>"; };
		52996CFF245F114000C599DD /* Base */ = {isa = PBXFileReference; lastKnownFileType = file.storyboard; name = Base; path = Base.lproj/LaunchScreen.storyboard; sourceTree = "<group>"; };
		52996D01245F114000C599DD /* Info.plist */ = {isa = PBXFileReference; lastKnownFileType = text.plist.xml; path = Info.plist; sourceTree = "<group>"; };
		52996D0A245F169900C599DD /* TodoCell.swift */ = {isa = PBXFileReference; lastKnownFileType = sourcecode.swift; path = TodoCell.swift; sourceTree = "<group>"; };
		52996D0C245F1AC600C599DD /* Todo.swift */ = {isa = PBXFileReference; lastKnownFileType = sourcecode.swift; path = Todo.swift; sourceTree = "<group>"; };
		52996D0E245F1B7200C599DD /* ApiError.swift */ = {isa = PBXFileReference; lastKnownFileType = sourcecode.swift; path = ApiError.swift; sourceTree = "<group>"; };
		52996D11245F1EDE00C599DD /* NetworkServices.swift */ = {isa = PBXFileReference; lastKnownFileType = sourcecode.swift; path = NetworkServices.swift; sourceTree = "<group>"; };
/* End PBXFileReference section */

/* Begin PBXFrameworksBuildPhase section */
		52996CED245F113C00C599DD /* Frameworks */ = {
			isa = PBXFrameworksBuildPhase;
			buildActionMask = 2147483647;
			files = (
			);
			runOnlyForDeploymentPostprocessing = 0;
		};
/* End PBXFrameworksBuildPhase section */

/* Begin PBXGroup section */
		52996CE7245F113C00C599DD = {
			isa = PBXGroup;
			children = (
				52996CF2245F113C00C599DD /* Todo-List */,
				52996CF1245F113C00C599DD /* Products */,
			);
			sourceTree = "<group>";
		};
		52996CF1245F113C00C599DD /* Products */ = {
			isa = PBXGroup;
			children = (
				52996CF0245F113C00C599DD /* Todo-List.app */,
			);
			name = Products;
			sourceTree = "<group>";
		};
		52996CF2245F113C00C599DD /* Todo-List */ = {
			isa = PBXGroup;
			children = (
				52996D10245F1EA200C599DD /* Services */,
				52996D09245F167200C599DD /* Controller */,
				52996D08245F166A00C599DD /* View */,
				52996D07245F164D00C599DD /* Model */,
				52996CF3245F113C00C599DD /* AppDelegate.swift */,
				52996CF5245F113C00C599DD /* SceneDelegate.swift */,
				52996CF9245F113C00C599DD /* Main.storyboard */,
				52996CFC245F114000C599DD /* Assets.xcassets */,
				52996CFE245F114000C599DD /* LaunchScreen.storyboard */,
				52996D01245F114000C599DD /* Info.plist */,
			);
			path = "Todo-List";
			sourceTree = "<group>";
		};
		52996D07245F164D00C599DD /* Model */ = {
			isa = PBXGroup;
			children = (
				52996D0C245F1AC600C599DD /* Todo.swift */,
				52996D0E245F1B7200C599DD /* ApiError.swift */,
			);
			path = Model;
			sourceTree = "<group>";
		};
		52996D08245F166A00C599DD /* View */ = {
			isa = PBXGroup;
			children = (
				52996D0A245F169900C599DD /* TodoCell.swift */,
			);
			path = View;
			sourceTree = "<group>";
		};
		52996D09245F167200C599DD /* Controller */ = {
			isa = PBXGroup;
			children = (
				52996CF7245F113C00C599DD /* TodoVC.swift */,
			);
			path = Controller;
			sourceTree = "<group>";
		};
		52996D10245F1EA200C599DD /* Services */ = {
			isa = PBXGroup;
			children = (
				52996D11245F1EDE00C599DD /* NetworkServices.swift */,
			);
			path = Services;
			sourceTree = "<group>";
		};
/* End PBXGroup section */

/* Begin PBXNativeTarget section */
		52996CEF245F113C00C599DD /* Todo-List */ = {
			isa = PBXNativeTarget;
			buildConfigurationList = 52996D04245F114000C599DD /* Build configuration list for PBXNativeTarget "Todo-List" */;
			buildPhases = (
				52996CEC245F113C00C599DD /* Sources */,
				52996CED245F113C00C599DD /* Frameworks */,
				52996CEE245F113C00C599DD /* Resources */,
			);
			buildRules = (
			);
			dependencies = (
			);
			name = "Todo-List";
			productName = "Todo-List";
			productReference = 52996CF0245F113C00C599DD /* Todo-List.app */;
			productType = "com.apple.product-type.application";
		};
/* End PBXNativeTarget section */

/* Begin PBXProject section */
		52996CE8245F113C00C599DD /* Project object */ = {
			isa = PBXProject;
			attributes = {
				LastSwiftUpdateCheck = 1140;
				LastUpgradeCheck = 1140;
				ORGANIZATIONNAME = "Macbook pro";
				TargetAttributes = {
					52996CEF245F113C00C599DD = {
						CreatedOnToolsVersion = 11.4.1;
					};
				};
			};
			buildConfigurationList = 52996CEB245F113C00C599DD /* Build configuration list for PBXProject "Todo-List" */;
			compatibilityVersion = "Xcode 9.3";
			developmentRegion = en;
			hasScannedForEncodings = 0;
			knownRegions = (
				en,
				Base,
			);
			mainGroup = 52996CE7245F113C00C599DD;
			productRefGroup = 52996CF1245F113C00C599DD /* Products */;
			projectDirPath = "";
			projectRoot = "";
			targets = (
				52996CEF245F113C00C599DD /* Todo-List */,
			);
		};
/* End PBXProject section */

/* Begin PBXResourcesBuildPhase section */
		52996CEE245F113C00C599DD /* Resources */ = {
			isa = PBXResourcesBuildPhase;
			buildActionMask = 2147483647;
			files = (
				52996D00245F114000C599DD /* LaunchScreen.storyboard in Resources */,
				52996CFD245F114000C599DD /* Assets.xcassets in Resources */,
				52996CFB245F113C00C599DD /* Main.storyboard in Resources */,
			);
			runOnlyForDeploymentPostprocessing = 0;
		};
/* End PBXResourcesBuildPhase section */

/* Begin PBXSourcesBuildPhase section */
		52996CEC245F113C00C599DD /* Sources */ = {
			isa = PBXSourcesBuildPhase;
			buildActionMask = 2147483647;
			files = (
				52996CF8245F113C00C599DD /* TodoVC.swift in Sources */,
				52996CF4245F113C00C599DD /* AppDelegate.swift in Sources */,
				52996CF6245F113C00C599DD /* SceneDelegate.swift in Sources */,
				52996D0B245F169A00C599DD /* TodoCell.swift in Sources */,
				52996D12245F1EDE00C599DD /* NetworkServices.swift in Sources */,
				52996D0D245F1AC600C599DD /* Todo.swift in Sources */,
				52996D0F245F1B7200C599DD /* ApiError.swift in Sources */,
			);
			runOnlyForDeploymentPostprocessing = 0;
		};
/* End PBXSourcesBuildPhase section */

/* Begin PBXVariantGroup section */
		52996CF9245F113C00C599DD /* Main.storyboard */ = {
			isa = PBXVariantGroup;
			children = (
				52996CFA245F113C00C599DD /* Base */,
			);
			name = Main.storyboard;
			sourceTree = "<group>";
		};
		52996CFE245F114000C599DD /* LaunchScreen.storyboard */ = {
			isa = PBXVariantGroup;
			children = (
				52996CFF245F114000C599DD /* Base */,
			);
			name = LaunchScreen.storyboard;
			sourceTree = "<group>";
		};
/* End PBXVariantGroup section */

/* Begin XCBuildConfiguration section */
		52996D02245F114000C599DD /* Debug */ = {
			isa = XCBuildConfiguration;
			buildSettings = {
				ALWAYS_SEARCH_USER_PATHS = NO;
				CLANG_ANALYZER_NONNULL = YES;
				CLANG_ANALYZER_NUMBER_OBJECT_CONVERSION = YES_AGGRESSIVE;
				CLANG_CXX_LANGUAGE_STANDARD = "gnu++14";
				CLANG_CXX_LIBRARY = "libc++";
				CLANG_ENABLE_MODULES = YES;
				CLANG_ENABLE_OBJC_ARC = YES;
				CLANG_ENABLE_OBJC_WEAK = YES;
				CLANG_WARN_BLOCK_CAPTURE_AUTORELEASING = YES;
				CLANG_WARN_BOOL_CONVERSION = YES;
				CLANG_WARN_COMMA = YES;
				CLANG_WARN_CONSTANT_CONVERSION = YES;
				CLANG_WARN_DEPRECATED_OBJC_IMPLEMENTATIONS = YES;
				CLANG_WARN_DIRECT_OBJC_ISA_USAGE = YES_ERROR;
				CLANG_WARN_DOCUMENTATION_COMMENTS = YES;
				CLANG_WARN_EMPTY_BODY = YES;
				CLANG_WARN_ENUM_CONVERSION = YES;
				CLANG_WARN_INFINITE_RECURSION = YES;
				CLANG_WARN_INT_CONVERSION = YES;
				CLANG_WARN_NON_LITERAL_NULL_CONVERSION = YES;
				CLANG_WARN_OBJC_IMPLICIT_RETAIN_SELF = YES;
				CLANG_WARN_OBJC_LITERAL_CONVERSION = YES;
				CLANG_WARN_OBJC_ROOT_CLASS = YES_ERROR;
				CLANG_WARN_RANGE_LOOP_ANALYSIS = YES;
				CLANG_WARN_STRICT_PROTOTYPES = YES;
				CLANG_WARN_SUSPICIOUS_MOVE = YES;
				CLANG_WARN_UNGUARDED_AVAILABILITY = YES_AGGRESSIVE;
				CLANG_WARN_UNREACHABLE_CODE = YES;
				CLANG_WARN__DUPLICATE_METHOD_MATCH = YES;
				COPY_PHASE_STRIP = NO;
				DEBUG_INFORMATION_FORMAT = dwarf;
				ENABLE_STRICT_OBJC_MSGSEND = YES;
				ENABLE_TESTABILITY = YES;
				GCC_C_LANGUAGE_STANDARD = gnu11;
				GCC_DYNAMIC_NO_PIC = NO;
				GCC_NO_COMMON_BLOCKS = YES;
				GCC_OPTIMIZATION_LEVEL = 0;
				GCC_PREPROCESSOR_DEFINITIONS = (
					"DEBUG=1",
					"$(inherited)",
				);
				GCC_WARN_64_TO_32_BIT_CONVERSION = YES;
				GCC_WARN_ABOUT_RETURN_TYPE = YES_ERROR;
				GCC_WARN_UNDECLARED_SELECTOR = YES;
				GCC_WARN_UNINITIALIZED_AUTOS = YES_AGGRESSIVE;
				GCC_WARN_UNUSED_FUNCTION = YES;
				GCC_WARN_UNUSED_VARIABLE = YES;
				IPHONEOS_DEPLOYMENT_TARGET = 13.4;
				MTL_ENABLE_DEBUG_INFO = INCLUDE_SOURCE;
				MTL_FAST_MATH = YES;
				ONLY_ACTIVE_ARCH = YES;
				SDKROOT = iphoneos;
				SWIFT_ACTIVE_COMPILATION_CONDITIONS = DEBUG;
				SWIFT_OPTIMIZATION_LEVEL = "-Onone";
			};
			name = Debug;
		};
		52996D03245F114000C599DD /* Release */ = {
			isa = XCBuildConfiguration;
			buildSettings = {
				ALWAYS_SEARCH_USER_PATHS = NO;
				CLANG_ANALYZER_NONNULL = YES;
				CLANG_ANALYZER_NUMBER_OBJECT_CONVERSION = YES_AGGRESSIVE;
				CLANG_CXX_LANGUAGE_STANDARD = "gnu++14";
				CLANG_CXX_LIBRARY = "libc++";
				CLANG_ENABLE_MODULES = YES;
				CLANG_ENABLE_OBJC_ARC = YES;
				CLANG_ENABLE_OBJC_WEAK = YES;
				CLANG_WARN_BLOCK_CAPTURE_AUTORELEASING = YES;
				CLANG_WARN_BOOL_CONVERSION = YES;
				CLANG_WARN_COMMA = YES;
				CLANG_WARN_CONSTANT_CONVERSION = YES;
				CLANG_WARN_DEPRECATED_OBJC_IMPLEMENTATIONS = YES;
				CLANG_WARN_DIRECT_OBJC_ISA_USAGE = YES_ERROR;
				CLANG_WARN_DOCUMENTATION_COMMENTS = YES;
				CLANG_WARN_EMPTY_BODY = YES;
				CLANG_WARN_ENUM_CONVERSION = YES;
				CLANG_WARN_INFINITE_RECURSION = YES;
				CLANG_WARN_INT_CONVERSION = YES;
				CLANG_WARN_NON_LITERAL_NULL_CONVERSION = YES;
				CLANG_WARN_OBJC_IMPLICIT_RETAIN_SELF = YES;
				CLANG_WARN_OBJC_LITERAL_CONVERSION = YES;
				CLANG_WARN_OBJC_ROOT_CLASS = YES_ERROR;
				CLANG_WARN_RANGE_LOOP_ANALYSIS = YES;
				CLANG_WARN_STRICT_PROTOTYPES = YES;
				CLANG_WARN_SUSPICIOUS_MOVE = YES;
				CLANG_WARN_UNGUARDED_AVAILABILITY = YES_AGGRESSIVE;
				CLANG_WARN_UNREACHABLE_CODE = YES;
				CLANG_WARN__DUPLICATE_METHOD_MATCH = YES;
				COPY_PHASE_STRIP = NO;
				DEBUG_INFORMATION_FORMAT = "dwarf-with-dsym";
				ENABLE_NS_ASSERTIONS = NO;
				ENABLE_STRICT_OBJC_MSGSEND = YES;
				GCC_C_LANGUAGE_STANDARD = gnu11;
				GCC_NO_COMMON_BLOCKS = YES;
				GCC_WARN_64_TO_32_BIT_CONVERSION = YES;
				GCC_WARN_ABOUT_RETURN_TYPE = YES_ERROR;
				GCC_WARN_UNDECLARED_SELECTOR = YES;
				GCC_WARN_UNINITIALIZED_AUTOS = YES_AGGRESSIVE;
				GCC_WARN_UNUSED_FUNCTION = YES;
				GCC_WARN_UNUSED_VARIABLE = YES;
				IPHONEOS_DEPLOYMENT_TARGET = 13.4;
				MTL_ENABLE_DEBUG_INFO = NO;
				MTL_FAST_MATH = YES;
				SDKROOT = iphoneos;
				SWIFT_COMPILATION_MODE = wholemodule;
				SWIFT_OPTIMIZATION_LEVEL = "-O";
				VALIDATE_PRODUCT = YES;
			};
			name = Release;
		};
		52996D05245F114000C599DD /* Debug */ = {
			isa = XCBuildConfiguration;
			buildSettings = {
				ASSETCATALOG_COMPILER_APPICON_NAME = AppIcon;
				CODE_SIGN_STYLE = Automatic;
				DEVELOPMENT_TEAM = 67S6R633P7;
				INFOPLIST_FILE = "Todo-List/Info.plist";
				LD_RUNPATH_SEARCH_PATHS = (
					"$(inherited)",
					"@executable_path/Frameworks",
				);
				PRODUCT_BUNDLE_IDENTIFIER = "project.Todo-List";
				PRODUCT_NAME = "$(TARGET_NAME)";
				SWIFT_VERSION = 5.0;
				TARGETED_DEVICE_FAMILY = "1,2";
			};
			name = Debug;
		};
		52996D06245F114000C599DD /* Release */ = {
			isa = XCBuildConfiguration;
			buildSettings = {
				ASSETCATALOG_COMPILER_APPICON_NAME = AppIcon;
				CODE_SIGN_STYLE = Automatic;
				DEVELOPMENT_TEAM = 67S6R633P7;
				INFOPLIST_FILE = "Todo-List/Info.plist";
				LD_RUNPATH_SEARCH_PATHS = (
					"$(inherited)",
					"@executable_path/Frameworks",
				);
				PRODUCT_BUNDLE_IDENTIFIER = "project.Todo-List";
				PRODUCT_NAME = "$(TARGET_NAME)";
				SWIFT_VERSION = 5.0;
				TARGETED_DEVICE_FAMILY = "1,2";
			};
			name = Release;
		};
/* End XCBuildConfiguration section */

/* Begin XCConfigurationList section */
		52996CEB245F113C00C599DD /* Build configuration list for PBXProject "Todo-List" */ = {
			isa = XCConfigurationList;
			buildConfigurations = (
				52996D02245F114000C599DD /* Debug */,
				52996D03245F114000C599DD /* Release */,
			);
			defaultConfigurationIsVisible = 0;
			defaultConfigurationName = Release;
		};
		52996D04245F114000C599DD /* Build configuration list for PBXNativeTarget "Todo-List" */ = {
			isa = XCConfigurationList;
			buildConfigurations = (
				52996D05245F114000C599DD /* Debug */,
				52996D06245F114000C599DD /* Release */,
			);
			defaultConfigurationIsVisible = 0;
			defaultConfigurationName = Release;
		};
/* End XCConfigurationList section */
	};
	rootObject = 52996CE8245F113C00C599DD /* Project object */;
}
